// !$*UTF8*$!
{
	archiveVersion = 1;
	classes = {
	};
	objectVersion = 50;
	objects = {

/* Begin PBXBuildFile section */
		7D58695327166CD000C40F21 /* AppDelegate.m in Sources */ = {isa = PBXBuildFile; fileRef = 7D58695227166CD000C40F21 /* AppDelegate.m */; };
		7D58695627166CD000C40F21 /* SceneDelegate.m in Sources */ = {isa = PBXBuildFile; fileRef = 7D58695527166CD000C40F21 /* SceneDelegate.m */; };
		7D58695927166CD000C40F21 /* ViewController.m in Sources */ = {isa = PBXBuildFile; fileRef = 7D58695827166CD000C40F21 /* ViewController.m */; };
		7D58695C27166CD000C40F21 /* Main.storyboard in Resources */ = {isa = PBXBuildFile; fileRef = 7D58695A27166CD000C40F21 /* Main.storyboard */; };
		7D58695E27166CD300C40F21 /* Assets.xcassets in Resources */ = {isa = PBXBuildFile; fileRef = 7D58695D27166CD300C40F21 /* Assets.xcassets */; };
		7D58696127166CD300C40F21 /* LaunchScreen.storyboard in Resources */ = {isa = PBXBuildFile; fileRef = 7D58695F27166CD300C40F21 /* LaunchScreen.storyboard */; };
		7D58696427166CD300C40F21 /* main.m in Sources */ = {isa = PBXBuildFile; fileRef = 7D58696327166CD300C40F21 /* main.m */; };
		7D741D51271804DF00487F3F /* TXProxy.m in Sources */ = {isa = PBXBuildFile; fileRef = 7D741D50271804DF00487F3F /* TXProxy.m */; };
/* End PBXBuildFile section */

/* Begin PBXFileReference section */
		7D58694E27166CD000C40F21 /* 02-定时器- 解决方案1.app */ = {isa = PBXFileReference; explicitFileType = wrapper.application; includeInIndex = 0; path = "02-定时器- 解决方案1.app"; sourceTree = BUILT_PRODUCTS_DIR; };
		7D58695127166CD000C40F21 /* AppDelegate.h */ = {isa = PBXFileReference; lastKnownFileType = sourcecode.c.h; path = AppDelegate.h; sourceTree = "<group>"; };
		7D58695227166CD000C40F21 /* AppDelegate.m */ = {isa = PBXFileReference; lastKnownFileType = sourcecode.c.objc; path = AppDelegate.m; sourceTree = "<group>"; };
		7D58695427166CD000C40F21 /* SceneDelegate.h */ = {isa = PBXFileReference; lastKnownFileType = sourcecode.c.h; path = SceneDelegate.h; sourceTree = "<group>"; };
		7D58695527166CD000C40F21 /* SceneDelegate.m */ = {isa = PBXFileReference; lastKnownFileType = sourcecode.c.objc; path = SceneDelegate.m; sourceTree = "<group>"; };
		7D58695727166CD000C40F21 /* ViewController.h */ = {isa = PBXFileReference; lastKnownFileType = sourcecode.c.h; path = ViewController.h; sourceTree = "<group>"; };
		7D58695827166CD000C40F21 /* ViewController.m */ = {isa = PBXFileReference; lastKnownFileType = sourcecode.c.objc; path = ViewController.m; sourceTree = "<group>"; };
		7D58695B27166CD000C40F21 /* Base */ = {isa = PBXFileReference; lastKnownFileType = file.storyboard; name = Base; path = Base.lproj/Main.storyboard; sourceTree = "<group>"; };
		7D58695D27166CD300C40F21 /* Assets.xcassets */ = {isa = PBXFileReference; lastKnownFileType = folder.assetcatalog; path = Assets.xcassets; sourceTree = "<group>"; };
		7D58696027166CD300C40F21 /* Base */ = {isa = PBXFileReference; lastKnownFileType = file.storyboard; name = Base; path = Base.lproj/LaunchScreen.storyboard; sourceTree = "<group>"; };
		7D58696227166CD300C40F21 /* Info.plist */ = {isa = PBXFileReference; lastKnownFileType = text.plist.xml; path = Info.plist; sourceTree = "<group>"; };
		7D58696327166CD300C40F21 /* main.m */ = {isa = PBXFileReference; lastKnownFileType = sourcecode.c.objc; path = main.m; sourceTree = "<group>"; };
		7D741D4F271804DF00487F3F /* TXProxy.h */ = {isa = PBXFileReference; lastKnownFileType = sourcecode.c.h; path = TXProxy.h; sourceTree = "<group>"; };
		7D741D50271804DF00487F3F /* TXProxy.m */ = {isa = PBXFileReference; lastKnownFileType = sourcecode.c.objc; path = TXProxy.m; sourceTree = "<group>"; };
/* End PBXFileReference section */

/* Begin PBXFrameworksBuildPhase section */
		7D58694B27166CD000C40F21 /* Frameworks */ = {
			isa = PBXFrameworksBuildPhase;
			buildActionMask = 2147483647;
			files = (
			);
			runOnlyForDeploymentPostprocessing = 0;
		};
/* End PBXFrameworksBuildPhase section */

/* Begin PBXGroup section */
		7D58694527166CD000C40F21 = {
			isa = PBXGroup;
			children = (
				7D58695027166CD000C40F21 /* 02-定时器- 解决方案1 */,
				7D58694F27166CD000C40F21 /* Products */,
			);
			sourceTree = "<group>";
		};
		7D58694F27166CD000C40F21 /* Products */ = {
			isa = PBXGroup;
			children = (
				7D58694E27166CD000C40F21 /* 02-定时器- 解决方案1.app */,
			);
			name = Products;
			sourceTree = "<group>";
		};
		7D58695027166CD000C40F21 /* 02-定时器- 解决方案1 */ = {
			isa = PBXGroup;
			children = (
				7D58695127166CD000C40F21 /* AppDelegate.h */,
				7D58695227166CD000C40F21 /* AppDelegate.m */,
				7D58695427166CD000C40F21 /* SceneDelegate.h */,
				7D58695527166CD000C40F21 /* SceneDelegate.m */,
				7D58695727166CD000C40F21 /* ViewController.h */,
				7D58695827166CD000C40F21 /* ViewController.m */,
				7D741D4F271804DF00487F3F /* TXProxy.h */,
				7D741D50271804DF00487F3F /* TXProxy.m */,
				7D58695A27166CD000C40F21 /* Main.storyboard */,
				7D58695D27166CD300C40F21 /* Assets.xcassets */,
				7D58695F27166CD300C40F21 /* LaunchScreen.storyboard */,
				7D58696227166CD300C40F21 /* Info.plist */,
				7D58696327166CD300C40F21 /* main.m */,
			);
			path = "02-定时器- 解决方案1";
			sourceTree = "<group>";
		};
/* End PBXGroup section */

/* Begin PBXNativeTarget section */
		7D58694D27166CD000C40F21 /* 02-定时器- 解决方案1 */ = {
			isa = PBXNativeTarget;
			buildConfigurationList = 7D58696727166CD300C40F21 /* Build configuration list for PBXNativeTarget "02-定时器- 解决方案1" */;
			buildPhases = (
				7D58694A27166CD000C40F21 /* Sources */,
				7D58694B27166CD000C40F21 /* Frameworks */,
				7D58694C27166CD000C40F21 /* Resources */,
			);
			buildRules = (
			);
			dependencies = (
			);
			name = "02-定时器- 解决方案1";
			productName = "01-定时器";
			productReference = 7D58694E27166CD000C40F21 /* 02-定时器- 解决方案1.app */;
			productType = "com.apple.product-type.application";
		};
/* End PBXNativeTarget section */

/* Begin PBXProject section */
		7D58694627166CD000C40F21 /* Project object */ = {
			isa = PBXProject;
			attributes = {
				LastUpgradeCheck = 1250;
				TargetAttributes = {
					7D58694D27166CD000C40F21 = {
						CreatedOnToolsVersion = 12.5.1;
					};
				};
			};
			buildConfigurationList = 7D58694927166CD000C40F21 /* Build configuration list for PBXProject "02-定时器- 解决方案1" */;
			compatibilityVersion = "Xcode 9.3";
			developmentRegion = en;
			hasScannedForEncodings = 0;
			knownRegions = (
				en,
				Base,
			);
			mainGroup = 7D58694527166CD000C40F21;
			productRefGroup = 7D58694F27166CD000C40F21 /* Products */;
			projectDirPath = "";
			projectRoot = "";
			targets = (
				7D58694D27166CD000C40F21 /* 02-定时器- 解决方案1 */,
			);
		};
/* End PBXProject section */

/* Begin PBXResourcesBuildPhase section */
		7D58694C27166CD000C40F21 /* Resources */ = {
			isa = PBXResourcesBuildPhase;
			buildActionMask = 2147483647;
			files = (
				7D58696127166CD300C40F21 /* LaunchScreen.storyboard in Resources */,
				7D58695E27166CD300C40F21 /* Assets.xcassets in Resources */,
				7D58695C27166CD000C40F21 /* Main.storyboard in Resources */,
			);
			runOnlyForDeploymentPostprocessing = 0;
		};
/* End PBXResourcesBuildPhase section */

/* Begin PBXSourcesBuildPhase section */
		7D58694A27166CD000C40F21 /* Sources */ = {
			isa = PBXSourcesBuildPhase;
			buildActionMask = 2147483647;
			files = (
				7D741D51271804DF00487F3F /* TXProxy.m in Sources */,
				7D58695927166CD000C40F21 /* ViewController.m in Sources */,
				7D58695327166CD000C40F21 /* AppDelegate.m in Sources */,
				7D58696427166CD300C40F21 /* main.m in Sources */,
				7D58695627166CD000C40F21 /* SceneDelegate.m in Sources */,
			);
			runOnlyForDeploymentPostprocessing = 0;
		};
/* End PBXSourcesBuildPhase section */

/* Begin PBXVariantGroup section */
		7D58695A27166CD000C40F21 /* Main.storyboard */ = {
			isa = PBXVariantGroup;
			children = (
				7D58695B27166CD000C40F21 /* Base */,
			);
			name = Main.storyboard;
			sourceTree = "<group>";
		};
		7D58695F27166CD300C40F21 /* LaunchScreen.storyboard */ = {
			isa = PBXVariantGroup;
			children = (
				7D58696027166CD300C40F21 /* Base */,
			);
			name = LaunchScreen.storyboard;
			sourceTree = "<group>";
		};
/* End PBXVariantGroup section */

/* Begin XCBuildConfiguration section */
		7D58696527166CD300C40F21 /* Debug */ = {
			isa = XCBuildConfiguration;
			buildSettings = {
				ALWAYS_SEARCH_USER_PATHS = NO;
				CLANG_ANALYZER_NONNULL = YES;
				CLANG_ANALYZER_NUMBER_OBJECT_CONVERSION = YES_AGGRESSIVE;
				CLANG_CXX_LANGUAGE_STANDARD = "gnu++14";
				CLANG_CXX_LIBRARY = "libc++";
				CLANG_ENABLE_MODULES = YES;
				CLANG_ENABLE_OBJC_ARC = YES;
				CLANG_ENABLE_OBJC_WEAK = YES;
				CLANG_WARN_BLOCK_CAPTURE_AUTORELEASING = YES;
				CLANG_WARN_BOOL_CONVERSION = YES;
				CLANG_WARN_COMMA = YES;
				CLANG_WARN_CONSTANT_CONVERSION = YES;
				CLANG_WARN_DEPRECATED_OBJC_IMPLEMENTATIONS = YES;
				CLANG_WARN_DIRECT_OBJC_ISA_USAGE = YES_ERROR;
				CLANG_WARN_DOCUMENTATION_COMMENTS = YES;
				CLANG_WARN_EMPTY_BODY = YES;
				CLANG_WARN_ENUM_CONVERSION = YES;
				CLANG_WARN_INFINITE_RECURSION = YES;
				CLANG_WARN_INT_CONVERSION = YES;
				CLANG_WARN_NON_LITERAL_NULL_CONVERSION = YES;
				CLANG_WARN_OBJC_IMPLICIT_RETAIN_SELF = YES;
				CLANG_WARN_OBJC_LITERAL_CONVERSION = YES;
				CLANG_WARN_OBJC_ROOT_CLASS = YES_ERROR;
				CLANG_WARN_QUOTED_INCLUDE_IN_FRAMEWORK_HEADER = YES;
				CLANG_WARN_RANGE_LOOP_ANALYSIS = YES;
				CLANG_WARN_STRICT_PROTOTYPES = YES;
				CLANG_WARN_SUSPICIOUS_MOVE = YES;
				CLANG_WARN_UNGUARDED_AVAILABILITY = YES_AGGRESSIVE;
				CLANG_WARN_UNREACHABLE_CODE = YES;
				CLANG_WARN__DUPLICATE_METHOD_MATCH = YES;
				COPY_PHASE_STRIP = NO;
				DEBUG_INFORMATION_FORMAT = dwarf;
				ENABLE_STRICT_OBJC_MSGSEND = YES;
				ENABLE_TESTABILITY = YES;
				GCC_C_LANGUAGE_STANDARD = gnu11;
				GCC_DYNAMIC_NO_PIC = NO;
				GCC_NO_COMMON_BLOCKS = YES;
				GCC_OPTIMIZATION_LEVEL = 0;
				GCC_PREPROCESSOR_DEFINITIONS = (
					"DEBUG=1",
					"$(inherited)",
				);
				GCC_WARN_64_TO_32_BIT_CONVERSION = YES;
				GCC_WARN_ABOUT_RETURN_TYPE = YES_ERROR;
				GCC_WARN_UNDECLARED_SELECTOR = YES;
				GCC_WARN_UNINITIALIZED_AUTOS = YES_AGGRESSIVE;
				GCC_WARN_UNUSED_FUNCTION = YES;
				GCC_WARN_UNUSED_VARIABLE = YES;
				IPHONEOS_DEPLOYMENT_TARGET = 14.5;
				MTL_ENABLE_DEBUG_INFO = INCLUDE_SOURCE;
				MTL_FAST_MATH = YES;
				ONLY_ACTIVE_ARCH = YES;
				SDKROOT = iphoneos;
			};
			name = Debug;
		};
		7D58696627166CD300C40F21 /* Release */ = {
			isa = XCBuildConfiguration;
			buildSettings = {
				ALWAYS_SEARCH_USER_PATHS = NO;
				CLANG_ANALYZER_NONNULL = YES;
				CLANG_ANALYZER_NUMBER_OBJECT_CONVERSION = YES_AGGRESSIVE;
				CLANG_CXX_LANGUAGE_STANDARD = "gnu++14";
				CLANG_CXX_LIBRARY = "libc++";
				CLANG_ENABLE_MODULES = YES;
				CLANG_ENABLE_OBJC_ARC = YES;
				CLANG_ENABLE_OBJC_WEAK = YES;
				CLANG_WARN_BLOCK_CAPTURE_AUTORELEASING = YES;
				CLANG_WARN_BOOL_CONVERSION = YES;
				CLANG_WARN_COMMA = YES;
				CLANG_WARN_CONSTANT_CONVERSION = YES;
				CLANG_WARN_DEPRECATED_OBJC_IMPLEMENTATIONS = YES;
				CLANG_WARN_DIRECT_OBJC_ISA_USAGE = YES_ERROR;
				CLANG_WARN_DOCUMENTATION_COMMENTS = YES;
				CLANG_WARN_EMPTY_BODY = YES;
				CLANG_WARN_ENUM_CONVERSION = YES;
				CLANG_WARN_INFINITE_RECURSION = YES;
				CLANG_WARN_INT_CONVERSION = YES;
				CLANG_WARN_NON_LITERAL_NULL_CONVERSION = YES;
				CLANG_WARN_OBJC_IMPLICIT_RETAIN_SELF = YES;
				CLANG_WARN_OBJC_LITERAL_CONVERSION = YES;
				CLANG_WARN_OBJC_ROOT_CLASS = YES_ERROR;
				CLANG_WARN_QUOTED_INCLUDE_IN_FRAMEWORK_HEADER = YES;
				CLANG_WARN_RANGE_LOOP_ANALYSIS = YES;
				CLANG_WARN_STRICT_PROTOTYPES = YES;
				CLANG_WARN_SUSPICIOUS_MOVE = YES;
				CLANG_WARN_UNGUARDED_AVAILABILITY = YES_AGGRESSIVE;
				CLANG_WARN_UNREACHABLE_CODE = YES;
				CLANG_WARN__DUPLICATE_METHOD_MATCH = YES;
				COPY_PHASE_STRIP = NO;
				DEBUG_INFORMATION_FORMAT = "dwarf-with-dsym";
				ENABLE_NS_ASSERTIONS = NO;
				ENABLE_STRICT_OBJC_MSGSEND = YES;
				GCC_C_LANGUAGE_STANDARD = gnu11;
				GCC_NO_COMMON_BLOCKS = YES;
				GCC_WARN_64_TO_32_BIT_CONVERSION = YES;
				GCC_WARN_ABOUT_RETURN_TYPE = YES_ERROR;
				GCC_WARN_UNDECLARED_SELECTOR = YES;
				GCC_WARN_UNINITIALIZED_AUTOS = YES_AGGRESSIVE;
				GCC_WARN_UNUSED_FUNCTION = YES;
				GCC_WARN_UNUSED_VARIABLE = YES;
				IPHONEOS_DEPLOYMENT_TARGET = 14.5;
				MTL_ENABLE_DEBUG_INFO = NO;
				MTL_FAST_MATH = YES;
				SDKROOT = iphoneos;
				VALIDATE_PRODUCT = YES;
			};
			name = Release;
		};
		7D58696827166CD300C40F21 /* Debug */ = {
			isa = XCBuildConfiguration;
			buildSettings = {
				ASSETCATALOG_COMPILER_APPICON_NAME = AppIcon;
				ASSETCATALOG_COMPILER_GLOBAL_ACCENT_COLOR_NAME = AccentColor;
				CODE_SIGN_STYLE = Automatic;
				DEVELOPMENT_TEAM = T7C7TQD6VN;
				INFOPLIST_FILE = "02-定时器- 解决方案1/Info.plist";
				LD_RUNPATH_SEARCH_PATHS = (
					"$(inherited)",
					"@executable_path/Frameworks",
				);
				PRODUCT_BUNDLE_IDENTIFIER = "www.zghx.com.-1----";
				PRODUCT_NAME = "$(TARGET_NAME)";
				TARGETED_DEVICE_FAMILY = "1,2";
			};
			name = Debug;
		};
		7D58696927166CD300C40F21 /* Release */ = {
			isa = XCBuildConfiguration;
			buildSettings = {
				ASSETCATALOG_COMPILER_APPICON_NAME = AppIcon;
				ASSETCATALOG_COMPILER_GLOBAL_ACCENT_COLOR_NAME = AccentColor;
				CODE_SIGN_STYLE = Automatic;
				DEVELOPMENT_TEAM = T7C7TQD6VN;
				INFOPLIST_FILE = "02-定时器- 解决方案1/Info.plist";
				LD_RUNPATH_SEARCH_PATHS = (
					"$(inherited)",
					"@executable_path/Frameworks",
				);
				PRODUCT_BUNDLE_IDENTIFIER = "www.zghx.com.-1----";
				PRODUCT_NAME = "$(TARGET_NAME)";
				TARGETED_DEVICE_FAMILY = "1,2";
			};
			name = Release;
		};
/* End XCBuildConfiguration section */

/* Begin XCConfigurationList section */
		7D58694927166CD000C40F21 /* Build configuration list for PBXProject "02-定时器- 解决方案1" */ = {
			isa = XCConfigurationList;
			buildConfigurations = (
				7D58696527166CD300C40F21 /* Debug */,
				7D58696627166CD300C40F21 /* Release */,
			);
			defaultConfigurationIsVisible = 0;
			defaultConfigurationName = Release;
		};
		7D58696727166CD300C40F21 /* Build configuration list for PBXNativeTarget "02-定时器- 解决方案1" */ = {
			isa = XCConfigurationList;
			buildConfigurations = (
				7D58696827166CD300C40F21 /* Debug */,
				7D58696927166CD300C40F21 /* Release */,
			);
			defaultConfigurationIsVisible = 0;
			defaultConfigurationName = Release;
		};
/* End XCConfigurationList section */
	};
	rootObject = 7D58694627166CD000C40F21 /* Project object */;
}
