// !$*UTF8*$!
{
	archiveVersion = 1;
	classes = {
	};
	objectVersion = 56;
	objects = {

/* Begin PBXBuildFile section */
		7DCE6C7F2908FF0D00B72943 /* AppDelegate.m in Sources */ = {isa = PBXBuildFile; fileRef = 7DCE6C7E2908FF0D00B72943 /* AppDelegate.m */; };
		7DCE6C822908FF0D00B72943 /* SceneDelegate.m in Sources */ = {isa = PBXBuildFile; fileRef = 7DCE6C812908FF0D00B72943 /* SceneDelegate.m */; };
		7DCE6C852908FF0D00B72943 /* ViewController.m in Sources */ = {isa = PBXBuildFile; fileRef = 7DCE6C842908FF0D00B72943 /* ViewController.m */; };
		7DCE6C882908FF0D00B72943 /* Main.storyboard in Resources */ = {isa = PBXBuildFile; fileRef = 7DCE6C862908FF0D00B72943 /* Main.storyboard */; };
		7DCE6C8A2908FF0E00B72943 /* Assets.xcassets in Resources */ = {isa = PBXBuildFile; fileRef = 7DCE6C892908FF0E00B72943 /* Assets.xcassets */; };
		7DCE6C8D2908FF0E00B72943 /* LaunchScreen.storyboard in Resources */ = {isa = PBXBuildFile; fileRef = 7DCE6C8B2908FF0E00B72943 /* LaunchScreen.storyboard */; };
		7DCE6C902908FF0E00B72943 /* main.m in Sources */ = {isa = PBXBuildFile; fileRef = 7DCE6C8F2908FF0E00B72943 /* main.m */; };
/* End PBXBuildFile section */

/* Begin PBXFileReference section */
		7DCE6C7A2908FF0D00B72943 /* 05-runtime-位运算.app */ = {isa = PBXFileReference; explicitFileType = wrapper.application; includeInIndex = 0; path = "05-runtime-位运算.app"; sourceTree = BUILT_PRODUCTS_DIR; };
		7DCE6C7D2908FF0D00B72943 /* AppDelegate.h */ = {isa = PBXFileReference; lastKnownFileType = sourcecode.c.h; path = AppDelegate.h; sourceTree = "<group>"; };
		7DCE6C7E2908FF0D00B72943 /* AppDelegate.m */ = {isa = PBXFileReference; lastKnownFileType = sourcecode.c.objc; path = AppDelegate.m; sourceTree = "<group>"; };
		7DCE6C802908FF0D00B72943 /* SceneDelegate.h */ = {isa = PBXFileReference; lastKnownFileType = sourcecode.c.h; path = SceneDelegate.h; sourceTree = "<group>"; };
		7DCE6C812908FF0D00B72943 /* SceneDelegate.m */ = {isa = PBXFileReference; lastKnownFileType = sourcecode.c.objc; path = SceneDelegate.m; sourceTree = "<group>"; };
		7DCE6C832908FF0D00B72943 /* ViewController.h */ = {isa = PBXFileReference; lastKnownFileType = sourcecode.c.h; path = ViewController.h; sourceTree = "<group>"; };
		7DCE6C842908FF0D00B72943 /* ViewController.m */ = {isa = PBXFileReference; lastKnownFileType = sourcecode.c.objc; path = ViewController.m; sourceTree = "<group>"; };
		7DCE6C872908FF0D00B72943 /* Base */ = {isa = PBXFileReference; lastKnownFileType = file.storyboard; name = Base; path = Base.lproj/Main.storyboard; sourceTree = "<group>"; };
		7DCE6C892908FF0E00B72943 /* Assets.xcassets */ = {isa = PBXFileReference; lastKnownFileType = folder.assetcatalog; path = Assets.xcassets; sourceTree = "<group>"; };
		7DCE6C8C2908FF0E00B72943 /* Base */ = {isa = PBXFileReference; lastKnownFileType = file.storyboard; name = Base; path = Base.lproj/LaunchScreen.storyboard; sourceTree = "<group>"; };
		7DCE6C8E2908FF0E00B72943 /* Info.plist */ = {isa = PBXFileReference; lastKnownFileType = text.plist.xml; path = Info.plist; sourceTree = "<group>"; };
		7DCE6C8F2908FF0E00B72943 /* main.m */ = {isa = PBXFileReference; lastKnownFileType = sourcecode.c.objc; path = main.m; sourceTree = "<group>"; };
/* End PBXFileReference section */

/* Begin PBXFrameworksBuildPhase section */
		7DCE6C772908FF0D00B72943 /* Frameworks */ = {
			isa = PBXFrameworksBuildPhase;
			buildActionMask = 2147483647;
			files = (
			);
			runOnlyForDeploymentPostprocessing = 0;
		};
/* End PBXFrameworksBuildPhase section */

/* Begin PBXGroup section */
		7DCE6C712908FF0D00B72943 = {
			isa = PBXGroup;
			children = (
				7DCE6C7C2908FF0D00B72943 /* 05-runtime-位运算 */,
				7DCE6C7B2908FF0D00B72943 /* Products */,
			);
			sourceTree = "<group>";
		};
		7DCE6C7B2908FF0D00B72943 /* Products */ = {
			isa = PBXGroup;
			children = (
				7DCE6C7A2908FF0D00B72943 /* 05-runtime-位运算.app */,
			);
			name = Products;
			sourceTree = "<group>";
		};
		7DCE6C7C2908FF0D00B72943 /* 05-runtime-位运算 */ = {
			isa = PBXGroup;
			children = (
				7DCE6C7D2908FF0D00B72943 /* AppDelegate.h */,
				7DCE6C7E2908FF0D00B72943 /* AppDelegate.m */,
				7DCE6C802908FF0D00B72943 /* SceneDelegate.h */,
				7DCE6C812908FF0D00B72943 /* SceneDelegate.m */,
				7DCE6C832908FF0D00B72943 /* ViewController.h */,
				7DCE6C842908FF0D00B72943 /* ViewController.m */,
				7DCE6C862908FF0D00B72943 /* Main.storyboard */,
				7DCE6C892908FF0E00B72943 /* Assets.xcassets */,
				7DCE6C8B2908FF0E00B72943 /* LaunchScreen.storyboard */,
				7DCE6C8E2908FF0E00B72943 /* Info.plist */,
				7DCE6C8F2908FF0E00B72943 /* main.m */,
			);
			path = "05-runtime-位运算";
			sourceTree = "<group>";
		};
/* End PBXGroup section */

/* Begin PBXNativeTarget section */
		7DCE6C792908FF0D00B72943 /* 05-runtime-位运算 */ = {
			isa = PBXNativeTarget;
			buildConfigurationList = 7DCE6C932908FF0E00B72943 /* Build configuration list for PBXNativeTarget "05-runtime-位运算" */;
			buildPhases = (
				7DCE6C762908FF0D00B72943 /* Sources */,
				7DCE6C772908FF0D00B72943 /* Frameworks */,
				7DCE6C782908FF0D00B72943 /* Resources */,
			);
			buildRules = (
			);
			dependencies = (
			);
			name = "05-runtime-位运算";
			productName = "05-runtime-位运算";
			productReference = 7DCE6C7A2908FF0D00B72943 /* 05-runtime-位运算.app */;
			productType = "com.apple.product-type.application";
		};
/* End PBXNativeTarget section */

/* Begin PBXProject section */
		7DCE6C722908FF0D00B72943 /* Project object */ = {
			isa = PBXProject;
			attributes = {
				BuildIndependentTargetsInParallel = 1;
				LastUpgradeCheck = 1400;
				TargetAttributes = {
					7DCE6C792908FF0D00B72943 = {
						CreatedOnToolsVersion = 14.0.1;
					};
				};
			};
			buildConfigurationList = 7DCE6C752908FF0D00B72943 /* Build configuration list for PBXProject "05-runtime-位运算" */;
			compatibilityVersion = "Xcode 14.0";
			developmentRegion = en;
			hasScannedForEncodings = 0;
			knownRegions = (
				en,
				Base,
			);
			mainGroup = 7DCE6C712908FF0D00B72943;
			productRefGroup = 7DCE6C7B2908FF0D00B72943 /* Products */;
			projectDirPath = "";
			projectRoot = "";
			targets = (
				7DCE6C792908FF0D00B72943 /* 05-runtime-位运算 */,
			);
		};
/* End PBXProject section */

/* Begin PBXResourcesBuildPhase section */
		7DCE6C782908FF0D00B72943 /* Resources */ = {
			isa = PBXResourcesBuildPhase;
			buildActionMask = 2147483647;
			files = (
				7DCE6C8D2908FF0E00B72943 /* LaunchScreen.storyboard in Resources */,
				7DCE6C8A2908FF0E00B72943 /* Assets.xcassets in Resources */,
				7DCE6C882908FF0D00B72943 /* Main.storyboard in Resources */,
			);
			runOnlyForDeploymentPostprocessing = 0;
		};
/* End PBXResourcesBuildPhase section */

/* Begin PBXSourcesBuildPhase section */
		7DCE6C762908FF0D00B72943 /* Sources */ = {
			isa = PBXSourcesBuildPhase;
			buildActionMask = 2147483647;
			files = (
				7DCE6C852908FF0D00B72943 /* ViewController.m in Sources */,
				7DCE6C7F2908FF0D00B72943 /* AppDelegate.m in Sources */,
				7DCE6C902908FF0E00B72943 /* main.m in Sources */,
				7DCE6C822908FF0D00B72943 /* SceneDelegate.m in Sources */,
			);
			runOnlyForDeploymentPostprocessing = 0;
		};
/* End PBXSourcesBuildPhase section */

/* Begin PBXVariantGroup section */
		7DCE6C862908FF0D00B72943 /* Main.storyboard */ = {
			isa = PBXVariantGroup;
			children = (
				7DCE6C872908FF0D00B72943 /* Base */,
			);
			name = Main.storyboard;
			sourceTree = "<group>";
		};
		7DCE6C8B2908FF0E00B72943 /* LaunchScreen.storyboard */ = {
			isa = PBXVariantGroup;
			children = (
				7DCE6C8C2908FF0E00B72943 /* Base */,
			);
			name = LaunchScreen.storyboard;
			sourceTree = "<group>";
		};
/* End PBXVariantGroup section */

/* Begin XCBuildConfiguration section */
		7DCE6C912908FF0E00B72943 /* Debug */ = {
			isa = XCBuildConfiguration;
			buildSettings = {
				ALWAYS_SEARCH_USER_PATHS = NO;
				CLANG_ANALYZER_NONNULL = YES;
				CLANG_ANALYZER_NUMBER_OBJECT_CONVERSION = YES_AGGRESSIVE;
				CLANG_CXX_LANGUAGE_STANDARD = "gnu++20";
				CLANG_ENABLE_MODULES = YES;
				CLANG_ENABLE_OBJC_ARC = YES;
				CLANG_ENABLE_OBJC_WEAK = YES;
				CLANG_WARN_BLOCK_CAPTURE_AUTORELEASING = YES;
				CLANG_WARN_BOOL_CONVERSION = YES;
				CLANG_WARN_COMMA = YES;
				CLANG_WARN_CONSTANT_CONVERSION = YES;
				CLANG_WARN_DEPRECATED_OBJC_IMPLEMENTATIONS = YES;
				CLANG_WARN_DIRECT_OBJC_ISA_USAGE = YES_ERROR;
				CLANG_WARN_DOCUMENTATION_COMMENTS = YES;
				CLANG_WARN_EMPTY_BODY = YES;
				CLANG_WARN_ENUM_CONVERSION = YES;
				CLANG_WARN_INFINITE_RECURSION = YES;
				CLANG_WARN_INT_CONVERSION = YES;
				CLANG_WARN_NON_LITERAL_NULL_CONVERSION = YES;
				CLANG_WARN_OBJC_IMPLICIT_RETAIN_SELF = YES;
				CLANG_WARN_OBJC_LITERAL_CONVERSION = YES;
				CLANG_WARN_OBJC_ROOT_CLASS = YES_ERROR;
				CLANG_WARN_QUOTED_INCLUDE_IN_FRAMEWORK_HEADER = YES;
				CLANG_WARN_RANGE_LOOP_ANALYSIS = YES;
				CLANG_WARN_STRICT_PROTOTYPES = YES;
				CLANG_WARN_SUSPICIOUS_MOVE = YES;
				CLANG_WARN_UNGUARDED_AVAILABILITY = YES_AGGRESSIVE;
				CLANG_WARN_UNREACHABLE_CODE = YES;
				CLANG_WARN__DUPLICATE_METHOD_MATCH = YES;
				COPY_PHASE_STRIP = NO;
				DEBUG_INFORMATION_FORMAT = dwarf;
				ENABLE_STRICT_OBJC_MSGSEND = YES;
				ENABLE_TESTABILITY = YES;
				GCC_C_LANGUAGE_STANDARD = gnu11;
				GCC_DYNAMIC_NO_PIC = NO;
				GCC_NO_COMMON_BLOCKS = YES;
				GCC_OPTIMIZATION_LEVEL = 0;
				GCC_PREPROCESSOR_DEFINITIONS = (
					"DEBUG=1",
					"$(inherited)",
				);
				GCC_WARN_64_TO_32_BIT_CONVERSION = YES;
				GCC_WARN_ABOUT_RETURN_TYPE = YES_ERROR;
				GCC_WARN_UNDECLARED_SELECTOR = YES;
				GCC_WARN_UNINITIALIZED_AUTOS = YES_AGGRESSIVE;
				GCC_WARN_UNUSED_FUNCTION = YES;
				GCC_WARN_UNUSED_VARIABLE = YES;
				IPHONEOS_DEPLOYMENT_TARGET = 16.0;
				MTL_ENABLE_DEBUG_INFO = INCLUDE_SOURCE;
				MTL_FAST_MATH = YES;
				ONLY_ACTIVE_ARCH = YES;
				SDKROOT = iphoneos;
			};
			name = Debug;
		};
		7DCE6C922908FF0E00B72943 /* Release */ = {
			isa = XCBuildConfiguration;
			buildSettings = {
				ALWAYS_SEARCH_USER_PATHS = NO;
				CLANG_ANALYZER_NONNULL = YES;
				CLANG_ANALYZER_NUMBER_OBJECT_CONVERSION = YES_AGGRESSIVE;
				CLANG_CXX_LANGUAGE_STANDARD = "gnu++20";
				CLANG_ENABLE_MODULES = YES;
				CLANG_ENABLE_OBJC_ARC = YES;
				CLANG_ENABLE_OBJC_WEAK = YES;
				CLANG_WARN_BLOCK_CAPTURE_AUTORELEASING = YES;
				CLANG_WARN_BOOL_CONVERSION = YES;
				CLANG_WARN_COMMA = YES;
				CLANG_WARN_CONSTANT_CONVERSION = YES;
				CLANG_WARN_DEPRECATED_OBJC_IMPLEMENTATIONS = YES;
				CLANG_WARN_DIRECT_OBJC_ISA_USAGE = YES_ERROR;
				CLANG_WARN_DOCUMENTATION_COMMENTS = YES;
				CLANG_WARN_EMPTY_BODY = YES;
				CLANG_WARN_ENUM_CONVERSION = YES;
				CLANG_WARN_INFINITE_RECURSION = YES;
				CLANG_WARN_INT_CONVERSION = YES;
				CLANG_WARN_NON_LITERAL_NULL_CONVERSION = YES;
				CLANG_WARN_OBJC_IMPLICIT_RETAIN_SELF = YES;
				CLANG_WARN_OBJC_LITERAL_CONVERSION = YES;
				CLANG_WARN_OBJC_ROOT_CLASS = YES_ERROR;
				CLANG_WARN_QUOTED_INCLUDE_IN_FRAMEWORK_HEADER = YES;
				CLANG_WARN_RANGE_LOOP_ANALYSIS = YES;
				CLANG_WARN_STRICT_PROTOTYPES = YES;
				CLANG_WARN_SUSPICIOUS_MOVE = YES;
				CLANG_WARN_UNGUARDED_AVAILABILITY = YES_AGGRESSIVE;
				CLANG_WARN_UNREACHABLE_CODE = YES;
				CLANG_WARN__DUPLICATE_METHOD_MATCH = YES;
				COPY_PHASE_STRIP = NO;
				DEBUG_INFORMATION_FORMAT = "dwarf-with-dsym";
				ENABLE_NS_ASSERTIONS = NO;
				ENABLE_STRICT_OBJC_MSGSEND = YES;
				GCC_C_LANGUAGE_STANDARD = gnu11;
				GCC_NO_COMMON_BLOCKS = YES;
				GCC_WARN_64_TO_32_BIT_CONVERSION = YES;
				GCC_WARN_ABOUT_RETURN_TYPE = YES_ERROR;
				GCC_WARN_UNDECLARED_SELECTOR = YES;
				GCC_WARN_UNINITIALIZED_AUTOS = YES_AGGRESSIVE;
				GCC_WARN_UNUSED_FUNCTION = YES;
				GCC_WARN_UNUSED_VARIABLE = YES;
				IPHONEOS_DEPLOYMENT_TARGET = 16.0;
				MTL_ENABLE_DEBUG_INFO = NO;
				MTL_FAST_MATH = YES;
				SDKROOT = iphoneos;
				VALIDATE_PRODUCT = YES;
			};
			name = Release;
		};
		7DCE6C942908FF0E00B72943 /* Debug */ = {
			isa = XCBuildConfiguration;
			buildSettings = {
				ASSETCATALOG_COMPILER_APPICON_NAME = AppIcon;
				ASSETCATALOG_COMPILER_GLOBAL_ACCENT_COLOR_NAME = AccentColor;
				CODE_SIGN_STYLE = Automatic;
				CURRENT_PROJECT_VERSION = 1;
				DEVELOPMENT_TEAM = T7C7TQD6VN;
				GENERATE_INFOPLIST_FILE = YES;
				INFOPLIST_FILE = "05-runtime-位运算/Info.plist";
				INFOPLIST_KEY_UIApplicationSupportsIndirectInputEvents = YES;
				INFOPLIST_KEY_UILaunchStoryboardName = LaunchScreen;
				INFOPLIST_KEY_UIMainStoryboardFile = Main;
				INFOPLIST_KEY_UISupportedInterfaceOrientations_iPad = "UIInterfaceOrientationPortrait UIInterfaceOrientationPortraitUpsideDown UIInterfaceOrientationLandscapeLeft UIInterfaceOrientationLandscapeRight";
				INFOPLIST_KEY_UISupportedInterfaceOrientations_iPhone = "UIInterfaceOrientationPortrait UIInterfaceOrientationLandscapeLeft UIInterfaceOrientationLandscapeRight";
				LD_RUNPATH_SEARCH_PATHS = (
					"$(inherited)",
					"@executable_path/Frameworks",
				);
				MARKETING_VERSION = 1.0;
				PRODUCT_BUNDLE_IDENTIFIER = "www.zghx.com.-5-runtime----";
				PRODUCT_NAME = "$(TARGET_NAME)";
				SWIFT_EMIT_LOC_STRINGS = YES;
				TARGETED_DEVICE_FAMILY = "1,2";
			};
			name = Debug;
		};
		7DCE6C952908FF0E00B72943 /* Release */ = {
			isa = XCBuildConfiguration;
			buildSettings = {
				ASSETCATALOG_COMPILER_APPICON_NAME = AppIcon;
				ASSETCATALOG_COMPILER_GLOBAL_ACCENT_COLOR_NAME = AccentColor;
				CODE_SIGN_STYLE = Automatic;
				CURRENT_PROJECT_VERSION = 1;
				DEVELOPMENT_TEAM = T7C7TQD6VN;
				GENERATE_INFOPLIST_FILE = YES;
				INFOPLIST_FILE = "05-runtime-位运算/Info.plist";
				INFOPLIST_KEY_UIApplicationSupportsIndirectInputEvents = YES;
				INFOPLIST_KEY_UILaunchStoryboardName = LaunchScreen;
				INFOPLIST_KEY_UIMainStoryboardFile = Main;
				INFOPLIST_KEY_UISupportedInterfaceOrientations_iPad = "UIInterfaceOrientationPortrait UIInterfaceOrientationPortraitUpsideDown UIInterfaceOrientationLandscapeLeft UIInterfaceOrientationLandscapeRight";
				INFOPLIST_KEY_UISupportedInterfaceOrientations_iPhone = "UIInterfaceOrientationPortrait UIInterfaceOrientationLandscapeLeft UIInterfaceOrientationLandscapeRight";
				LD_RUNPATH_SEARCH_PATHS = (
					"$(inherited)",
					"@executable_path/Frameworks",
				);
				MARKETING_VERSION = 1.0;
				PRODUCT_BUNDLE_IDENTIFIER = "www.zghx.com.-5-runtime----";
				PRODUCT_NAME = "$(TARGET_NAME)";
				SWIFT_EMIT_LOC_STRINGS = YES;
				TARGETED_DEVICE_FAMILY = "1,2";
			};
			name = Release;
		};
/* End XCBuildConfiguration section */

/* Begin XCConfigurationList section */
		7DCE6C752908FF0D00B72943 /* Build configuration list for PBXProject "05-runtime-位运算" */ = {
			isa = XCConfigurationList;
			buildConfigurations = (
				7DCE6C912908FF0E00B72943 /* Debug */,
				7DCE6C922908FF0E00B72943 /* Release */,
			);
			defaultConfigurationIsVisible = 0;
			defaultConfigurationName = Release;
		};
		7DCE6C932908FF0E00B72943 /* Build configuration list for PBXNativeTarget "05-runtime-位运算" */ = {
			isa = XCConfigurationList;
			buildConfigurations = (
				7DCE6C942908FF0E00B72943 /* Debug */,
				7DCE6C952908FF0E00B72943 /* Release */,
			);
			defaultConfigurationIsVisible = 0;
			defaultConfigurationName = Release;
		};
/* End XCConfigurationList section */
	};
	rootObject = 7DCE6C722908FF0D00B72943 /* Project object */;
}
